[[package]]
name = "pygame"
version = "2.1.2"
description = "Python Game Development"
category = "main"
optional = false
python-versions = ">=3.6"

[metadata]
lock-version = "1.1"
python-versions = "^3.10"
content-hash = "18ceb2fe50c54bb72b38dcdb32c949c9db169cc850ec53e09bae72411a07e9b2"

[metadata.files]
pygame = []
